
Microsoft Visual Studio Solution File, Format Version 12.00
# Visual Studio Version 17
VisualStudioVersion = 17.6.33815.320
MinimumVisualStudioVersion = 10.0.40219.1
Project("{9A19103F-16F7-4668-BE54-9A1E7A4F7556}") = "SearchEngine", "SearchEngine.csproj", "{C94B985E-35DA-4B96-95CB-F115375C7CBA}"
EndProject
Project("{2150E333-8FDC-42A3-9474-1A3956D46DE8}") = "Solution Items", "Solution Items", "{8EF32003-64C7-450B-889A-192CD18A0990}"
	ProjectSection(SolutionItems) = preProject
		.editorconfig = .editorconfig
	EndProjectSection
EndProject
Project("{FAE04EC0-301F-11D3-BF4B-00C04F79EFBC}") = "SiteSaver", "..\SiteSaver\SiteSaver.csproj", "{5EE5CDF2-FC45-4795-82B6-0E54A1F5ECBF}"
	ProjectSection(ProjectDependencies) = postProject
		{C94B985E-35DA-4B96-95CB-F115375C7CBA} = {C94B985E-35DA-4B96-95CB-F115375C7CBA}
	EndProjectSection
EndProject
Global
	GlobalSection(SolutionConfigurationPlatforms) = preSolution
		Debug|Any CPU = Debug|Any CPU
		Release|Any CPU = Release|Any CPU
	EndGlobalSection
	GlobalSection(ProjectConfigurationPlatforms) = postSolution
		{C94B985E-35DA-4B96-95CB-F115375C7CBA}.Debug|Any CPU.ActiveCfg = Debug|Any CPU
		{C94B985E-35DA-4B96-95CB-F115375C7CBA}.Debug|Any CPU.Build.0 = Debug|Any CPU
		{C94B985E-35DA-4B96-95CB-F115375C7CBA}.Release|Any CPU.ActiveCfg = Release|Any CPU
		{C94B985E-35DA-4B96-95CB-F115375C7CBA}.Release|Any CPU.Build.0 = Release|Any CPU
		{5EE5CDF2-FC45-4795-82B6-0E54A1F5ECBF}.Debug|Any CPU.ActiveCfg = Debug|Any CPU
		{5EE5CDF2-FC45-4795-82B6-0E54A1F5ECBF}.Debug|Any CPU.Build.0 = Debug|Any CPU
		{5EE5CDF2-FC45-4795-82B6-0E54A1F5ECBF}.Release|Any CPU.ActiveCfg = Release|Any CPU
		{5EE5CDF2-FC45-4795-82B6-0E54A1F5ECBF}.Release|Any CPU.Build.0 = Release|Any CPU
	EndGlobalSection
	GlobalSection(SolutionProperties) = preSolution
		HideSolutionNode = FALSE
	EndGlobalSection
	GlobalSection(ExtensibilityGlobals) = postSolution
		SolutionGuid = {00406ECE-5B3F-4BF4-9BEF-5B8273210A6A}
	EndGlobalSection
EndGlobal
